
Microsoft Visual Studio Solution File, Format Version 12.00
# Visual Studio Version 16
VisualStudioVersion = 16.0.31025.194
MinimumVisualStudioVersion = 10.0.40219.1
Project("{FAE04EC0-301F-11D3-BF4B-00C04F79EFBC}") = "CD.UmbracoFormsMailchimpWorkflow", "CD.UmbracoFormsMailchimpWorkflow\CD.UmbracoFormsMailchimpWorkflow.csproj", "{0712521C-8A6D-40D2-806C-556A9B0C1A87}"
EndProject
Project("{FAE04EC0-301F-11D3-BF4B-00C04F79EFBC}") = "DemoSite", "DemoSite\DemoSite.csproj", "{AFAD9589-3EE0-44C3-AA93-387E7F5267E6}"
EndProject
Global
	GlobalSection(SolutionConfigurationPlatforms) = preSolution
		Debug|Any CPU = Debug|Any CPU
		Release|Any CPU = Release|Any CPU
	EndGlobalSection
	GlobalSection(ProjectConfigurationPlatforms) = postSolution
		{0712521C-8A6D-40D2-806C-556A9B0C1A87}.Debug|Any CPU.ActiveCfg = Debug|Any CPU
		{0712521C-8A6D-40D2-806C-556A9B0C1A87}.Debug|Any CPU.Build.0 = Debug|Any CPU
		{0712521C-8A6D-40D2-806C-556A9B0C1A87}.Release|Any CPU.ActiveCfg = Release|Any CPU
		{0712521C-8A6D-40D2-806C-556A9B0C1A87}.Release|Any CPU.Build.0 = Release|Any CPU
		{AFAD9589-3EE0-44C3-AA93-387E7F5267E6}.Debug|Any CPU.ActiveCfg = Debug|Any CPU
		{AFAD9589-3EE0-44C3-AA93-387E7F5267E6}.Debug|Any CPU.Build.0 = Debug|Any CPU
		{AFAD9589-3EE0-44C3-AA93-387E7F5267E6}.Release|Any CPU.ActiveCfg = Release|Any CPU
		{AFAD9589-3EE0-44C3-AA93-387E7F5267E6}.Release|Any CPU.Build.0 = Release|Any CPU
	EndGlobalSection
	GlobalSection(SolutionProperties) = preSolution
		HideSolutionNode = FALSE
	EndGlobalSection
	GlobalSection(ExtensibilityGlobals) = postSolution
		SolutionGuid = {D9549E40-AFCC-4134-B5BB-69FB14A36BF9}
	EndGlobalSection
EndGlobal
